
Microsoft Visual Studio Solution File, Format Version 12.00
# Visual Studio Version 17
VisualStudioVersion = 17.9.34701.34
MinimumVisualStudioVersion = 10.0.40219.1
Project("{FAE04EC0-301F-11D3-BF4B-00C04F79EFBC}") = "stokUygulama", "stokDeneme\stokUygulama.csproj", "{3EA31A02-B6A3-402B-9026-89611FA353BB}"
EndProject
Project("{FAE04EC0-301F-11D3-BF4B-00C04F79EFBC}") = "UrunRepositoryTests", "UrunRepositoryTests\UrunRepositoryTests.csproj", "{DF2FEE4A-F577-4A65-AB22-9149620A63D0}"
EndProject
Global
	GlobalSection(SolutionConfigurationPlatforms) = preSolution
		Debug|Any CPU = Debug|Any CPU
		Release|Any CPU = Release|Any CPU
	EndGlobalSection
	GlobalSection(ProjectConfigurationPlatforms) = postSolution
		{3EA31A02-B6A3-402B-9026-89611FA353BB}.Debug|Any CPU.ActiveCfg = Debug|Any CPU
		{3EA31A02-B6A3-402B-9026-89611FA353BB}.Debug|Any CPU.Build.0 = Debug|Any CPU
		{3EA31A02-B6A3-402B-9026-89611FA353BB}.Release|Any CPU.ActiveCfg = Release|Any CPU
		{3EA31A02-B6A3-402B-9026-89611FA353BB}.Release|Any CPU.Build.0 = Release|Any CPU
		{DF2FEE4A-F577-4A65-AB22-9149620A63D0}.Debug|Any CPU.ActiveCfg = Debug|Any CPU
		{DF2FEE4A-F577-4A65-AB22-9149620A63D0}.Debug|Any CPU.Build.0 = Debug|Any CPU
		{DF2FEE4A-F577-4A65-AB22-9149620A63D0}.Release|Any CPU.ActiveCfg = Release|Any CPU
		{DF2FEE4A-F577-4A65-AB22-9149620A63D0}.Release|Any CPU.Build.0 = Release|Any CPU
	EndGlobalSection
	GlobalSection(SolutionProperties) = preSolution
		HideSolutionNode = FALSE
	EndGlobalSection
	GlobalSection(ExtensibilityGlobals) = postSolution
		SolutionGuid = {14B6D7FF-163D-4417-A44C-B42EA1F7246B}
	EndGlobalSection
EndGlobal
